{
  "originHash" : "7f25987ad704e502bd5129d8671b43ce3a1807159471e76cdcdd02d58087a1e6",
  "pins" : [
    {
      "identity" : "modelmodule",
      "kind" : "remoteSourceControl",
      "location" : "https://github.com/HossanDev/ModelModule.git",
      "state" : {
        "branch" : "main",
        "revision" : "a0a2480a6fc4675632bde45543ccbec0d14341f5"
      }
    },
    {
      "identity" : "networkmodule",
      "kind" : "remoteSourceControl",
      "location" : "https://github.com/HossanDev/NetworkModule.git",
      "state" : {
        "branch" : "main",
        "revision" : "ae28799e34af5c0234b6e423739f7aad18158b0f"
      }
    },
    {
      "identity" : "repositorymodule",
      "kind" : "remoteSourceControl",
      "location" : "https://github.com/HossanDev/RepositoryModule.git",
      "state" : {
        "branch" : "main",
        "revision" : "019bcad8d399e4e97a2dc882d47413cc0a3b9dfa"
      }
    },
    {
      "identity" : "sharedui",
      "kind" : "remoteSourceControl",
      "location" : "https://github.com/HossanDev/SharedUI.git",
      "state" : {
        "branch" : "main",
        "revision" : "cd6d354ce859f749bf8d266c8737685f5bd730fd"
      }
    }
  ],
  "version" : 3
}
