{
  "originHash" : "700ea20e36114689862c8ecbbfbc2e88136aec70b339c5dcc4fb91a8b2efe647",
  "pins" : [
    {
      "identity" : "networkmodule",
      "kind" : "remoteSourceControl",
      "location" : "https://github.com/HossanDev/NetworkModule.git",
      "state" : {
        "branch" : "main",
        "revision" : "ae28799e34af5c0234b6e423739f7aad18158b0f"
      }
    },
    {
      "identity" : "repositorymodule",
      "kind" : "remoteSourceControl",
      "location" : "https://github.com/HossanDev/RepositoryModule",
      "state" : {
        "branch" : "main",
        "revision" : "8c373c1d7396e35d6be744fcc0e8663a69cfbf85"
      }
    },
    {
      "identity" : "sharedui",
      "kind" : "remoteSourceControl",
      "location" : "https://github.com/HossanDev/SharedUI.git",
      "state" : {
        "branch" : "main",
        "revision" : "01b6cb74560ab0951f489e251a1fa2bf56aa297a"
      }
    }
  ],
  "version" : 3
}
