// !$*UTF8*$!
{
	archiveVersion = 1;
	classes = {
	};
	objectVersion = 77;
	objects = {

/* Begin PBXBuildFile section */
		8CFC4F542E1EAD39000F55F2 /* NetworkModule in Frameworks */ = {isa = PBXBuildFile; productRef = 8CFC4F532E1EAD39000F55F2 /* NetworkModule */; };
		8CFC4F582E1EAD9E000F55F2 /* RepositoryModule in Frameworks */ = {isa = PBXBuildFile; productRef = 8CFC4F572E1EAD9E000F55F2 /* RepositoryModule */; };
		8CFC4F5B2E1EAF24000F55F2 /* SharedUI in Frameworks */ = {isa = PBXBuildFile; productRef = 8CFC4F5A2E1EAF24000F55F2 /* SharedUI */; };
		8CFC4FCC2E1FB458000F55F2 /* ModelModule in Frameworks */ = {isa = PBXBuildFile; productRef = 8CFC4FCB2E1FB458000F55F2 /* ModelModule */; };
/* End PBXBuildFile section */

/* Begin PBXContainerItemProxy section */
		8C6B48D62E1DAD9D00EDE237 /* PBXContainerItemProxy */ = {
			isa = PBXContainerItemProxy;
			containerPortal = 8C6B48BD2E1DAD9B00EDE237 /* Project object */;
			proxyType = 1;
			remoteGlobalIDString = 8C6B48C42E1DAD9B00EDE237;
			remoteInfo = SocialApp;
		};
		8C6B48E02E1DAD9D00EDE237 /* PBXContainerItemProxy */ = {
			isa = PBXContainerItemProxy;
			containerPortal = 8C6B48BD2E1DAD9B00EDE237 /* Project object */;
			proxyType = 1;
			remoteGlobalIDString = 8C6B48C42E1DAD9B00EDE237;
			remoteInfo = SocialApp;
		};
/* End PBXContainerItemProxy section */

/* Begin PBXFileReference section */
		8C6B48C52E1DAD9B00EDE237 /* SocialApp.app */ = {isa = PBXFileReference; explicitFileType = wrapper.application; includeInIndex = 0; path = SocialApp.app; sourceTree = BUILT_PRODUCTS_DIR; };
		8C6B48D52E1DAD9D00EDE237 /* SocialAppTests.xctest */ = {isa = PBXFileReference; explicitFileType = wrapper.cfbundle; includeInIndex = 0; path = SocialAppTests.xctest; sourceTree = BUILT_PRODUCTS_DIR; };
		8C6B48DF2E1DAD9D00EDE237 /* SocialAppUITests.xctest */ = {isa = PBXFileReference; explicitFileType = wrapper.cfbundle; includeInIndex = 0; path = SocialAppUITests.xctest; sourceTree = BUILT_PRODUCTS_DIR; };
/* End PBXFileReference section */

/* Begin PBXFileSystemSynchronizedBuildFileExceptionSet section */
		8CAF7ED62E1DD7500027153B /* Exceptions for "SocialApp" folder in "SocialApp" target */ = {
			isa = PBXFileSystemSynchronizedBuildFileExceptionSet;
			membershipExceptions = (
				Info.plist,
			);
			target = 8C6B48C42E1DAD9B00EDE237 /* SocialApp */;
		};
/* End PBXFileSystemSynchronizedBuildFileExceptionSet section */

/* Begin PBXFileSystemSynchronizedRootGroup section */
		8C6B48C72E1DAD9B00EDE237 /* SocialApp */ = {
			isa = PBXFileSystemSynchronizedRootGroup;
			exceptions = (
				8CAF7ED62E1DD7500027153B /* Exceptions for "SocialApp" folder in "SocialApp" target */,
			);
			path = SocialApp;
			sourceTree = "<group>";
		};
		8C6B48D82E1DAD9D00EDE237 /* SocialAppTests */ = {
			isa = PBXFileSystemSynchronizedRootGroup;
			path = SocialAppTests;
			sourceTree = "<group>";
		};
		8C6B48E22E1DAD9D00EDE237 /* SocialAppUITests */ = {
			isa = PBXFileSystemSynchronizedRootGroup;
			path = SocialAppUITests;
			sourceTree = "<group>";
		};
/* End PBXFileSystemSynchronizedRootGroup section */

/* Begin PBXFrameworksBuildPhase section */
		8C6B48C22E1DAD9B00EDE237 /* Frameworks */ = {
			isa = PBXFrameworksBuildPhase;
			buildActionMask = 2147483647;
			files = (
				8CFC4F5B2E1EAF24000F55F2 /* SharedUI in Frameworks */,
				8CFC4F582E1EAD9E000F55F2 /* RepositoryModule in Frameworks */,
				8CFC4FCC2E1FB458000F55F2 /* ModelModule in Frameworks */,
				8CFC4F542E1EAD39000F55F2 /* NetworkModule in Frameworks */,
			);
			runOnlyForDeploymentPostprocessing = 0;
		};
		8C6B48D22E1DAD9D00EDE237 /* Frameworks */ = {
			isa = PBXFrameworksBuildPhase;
			buildActionMask = 2147483647;
			files = (
			);
			runOnlyForDeploymentPostprocessing = 0;
		};
		8C6B48DC2E1DAD9D00EDE237 /* Frameworks */ = {
			isa = PBXFrameworksBuildPhase;
			buildActionMask = 2147483647;
			files = (
			);
			runOnlyForDeploymentPostprocessing = 0;
		};
/* End PBXFrameworksBuildPhase section */

/* Begin PBXGroup section */
		8C6B48BC2E1DAD9A00EDE237 = {
			isa = PBXGroup;
			children = (
				8C6B48C72E1DAD9B00EDE237 /* SocialApp */,
				8C6B48D82E1DAD9D00EDE237 /* SocialAppTests */,
				8C6B48E22E1DAD9D00EDE237 /* SocialAppUITests */,
				8C6B48C62E1DAD9B00EDE237 /* Products */,
			);
			sourceTree = "<group>";
		};
		8C6B48C62E1DAD9B00EDE237 /* Products */ = {
			isa = PBXGroup;
			children = (
				8C6B48C52E1DAD9B00EDE237 /* SocialApp.app */,
				8C6B48D52E1DAD9D00EDE237 /* SocialAppTests.xctest */,
				8C6B48DF2E1DAD9D00EDE237 /* SocialAppUITests.xctest */,
			);
			name = Products;
			sourceTree = "<group>";
		};
/* End PBXGroup section */

/* Begin PBXNativeTarget section */
		8C6B48C42E1DAD9B00EDE237 /* SocialApp */ = {
			isa = PBXNativeTarget;
			buildConfigurationList = 8C6B48E92E1DAD9D00EDE237 /* Build configuration list for PBXNativeTarget "SocialApp" */;
			buildPhases = (
				8C6B48C12E1DAD9B00EDE237 /* Sources */,
				8C6B48C22E1DAD9B00EDE237 /* Frameworks */,
				8C6B48C32E1DAD9B00EDE237 /* Resources */,
			);
			buildRules = (
			);
			dependencies = (
			);
			fileSystemSynchronizedGroups = (
				8C6B48C72E1DAD9B00EDE237 /* SocialApp */,
			);
			name = SocialApp;
			packageProductDependencies = (
				8CFC4F532E1EAD39000F55F2 /* NetworkModule */,
				8CFC4F572E1EAD9E000F55F2 /* RepositoryModule */,
				8CFC4F5A2E1EAF24000F55F2 /* SharedUI */,
				8CFC4FCB2E1FB458000F55F2 /* ModelModule */,
			);
			productName = SocialApp;
			productReference = 8C6B48C52E1DAD9B00EDE237 /* SocialApp.app */;
			productType = "com.apple.product-type.application";
		};
		8C6B48D42E1DAD9D00EDE237 /* SocialAppTests */ = {
			isa = PBXNativeTarget;
			buildConfigurationList = 8C6B48EC2E1DAD9D00EDE237 /* Build configuration list for PBXNativeTarget "SocialAppTests" */;
			buildPhases = (
				8C6B48D12E1DAD9D00EDE237 /* Sources */,
				8C6B48D22E1DAD9D00EDE237 /* Frameworks */,
				8C6B48D32E1DAD9D00EDE237 /* Resources */,
			);
			buildRules = (
			);
			dependencies = (
				8C6B48D72E1DAD9D00EDE237 /* PBXTargetDependency */,
			);
			fileSystemSynchronizedGroups = (
				8C6B48D82E1DAD9D00EDE237 /* SocialAppTests */,
			);
			name = SocialAppTests;
			packageProductDependencies = (
			);
			productName = SocialAppTests;
			productReference = 8C6B48D52E1DAD9D00EDE237 /* SocialAppTests.xctest */;
			productType = "com.apple.product-type.bundle.unit-test";
		};
		8C6B48DE2E1DAD9D00EDE237 /* SocialAppUITests */ = {
			isa = PBXNativeTarget;
			buildConfigurationList = 8C6B48EF2E1DAD9D00EDE237 /* Build configuration list for PBXNativeTarget "SocialAppUITests" */;
			buildPhases = (
				8C6B48DB2E1DAD9D00EDE237 /* Sources */,
				8C6B48DC2E1DAD9D00EDE237 /* Frameworks */,
				8C6B48DD2E1DAD9D00EDE237 /* Resources */,
			);
			buildRules = (
			);
			dependencies = (
				8C6B48E12E1DAD9D00EDE237 /* PBXTargetDependency */,
			);
			fileSystemSynchronizedGroups = (
				8C6B48E22E1DAD9D00EDE237 /* SocialAppUITests */,
			);
			name = SocialAppUITests;
			packageProductDependencies = (
			);
			productName = SocialAppUITests;
			productReference = 8C6B48DF2E1DAD9D00EDE237 /* SocialAppUITests.xctest */;
			productType = "com.apple.product-type.bundle.ui-testing";
		};
/* End PBXNativeTarget section */

/* Begin PBXProject section */
		8C6B48BD2E1DAD9B00EDE237 /* Project object */ = {
			isa = PBXProject;
			attributes = {
				BuildIndependentTargetsInParallel = 1;
				LastSwiftUpdateCheck = 1620;
				LastUpgradeCheck = 1620;
				TargetAttributes = {
					8C6B48C42E1DAD9B00EDE237 = {
						CreatedOnToolsVersion = 16.2;
					};
					8C6B48D42E1DAD9D00EDE237 = {
						CreatedOnToolsVersion = 16.2;
						TestTargetID = 8C6B48C42E1DAD9B00EDE237;
					};
					8C6B48DE2E1DAD9D00EDE237 = {
						CreatedOnToolsVersion = 16.2;
						TestTargetID = 8C6B48C42E1DAD9B00EDE237;
					};
				};
			};
			buildConfigurationList = 8C6B48C02E1DAD9B00EDE237 /* Build configuration list for PBXProject "SocialApp" */;
			developmentRegion = en;
			hasScannedForEncodings = 0;
			knownRegions = (
				en,
				Base,
			);
			mainGroup = 8C6B48BC2E1DAD9A00EDE237;
			minimizedProjectReferenceProxies = 1;
			packageReferences = (
				8CFC4F522E1EAD39000F55F2 /* XCRemoteSwiftPackageReference "NetworkModule" */,
				8CFC4F562E1EAD9E000F55F2 /* XCRemoteSwiftPackageReference "RepositoryModule" */,
				8CFC4F592E1EAF24000F55F2 /* XCRemoteSwiftPackageReference "SharedUI" */,
				8CFC4FCA2E1FB458000F55F2 /* XCRemoteSwiftPackageReference "ModelModule" */,
			);
			preferredProjectObjectVersion = 77;
			productRefGroup = 8C6B48C62E1DAD9B00EDE237 /* Products */;
			projectDirPath = "";
			projectRoot = "";
			targets = (
				8C6B48C42E1DAD9B00EDE237 /* SocialApp */,
				8C6B48D42E1DAD9D00EDE237 /* SocialAppTests */,
				8C6B48DE2E1DAD9D00EDE237 /* SocialAppUITests */,
			);
		};
/* End PBXProject section */

/* Begin PBXResourcesBuildPhase section */
		8C6B48C32E1DAD9B00EDE237 /* Resources */ = {
			isa = PBXResourcesBuildPhase;
			buildActionMask = 2147483647;
			files = (
			);
			runOnlyForDeploymentPostprocessing = 0;
		};
		8C6B48D32E1DAD9D00EDE237 /* Resources */ = {
			isa = PBXResourcesBuildPhase;
			buildActionMask = 2147483647;
			files = (
			);
			runOnlyForDeploymentPostprocessing = 0;
		};
		8C6B48DD2E1DAD9D00EDE237 /* Resources */ = {
			isa = PBXResourcesBuildPhase;
			buildActionMask = 2147483647;
			files = (
			);
			runOnlyForDeploymentPostprocessing = 0;
		};
/* End PBXResourcesBuildPhase section */

/* Begin PBXSourcesBuildPhase section */
		8C6B48C12E1DAD9B00EDE237 /* Sources */ = {
			isa = PBXSourcesBuildPhase;
			buildActionMask = 2147483647;
			files = (
			);
			runOnlyForDeploymentPostprocessing = 0;
		};
		8C6B48D12E1DAD9D00EDE237 /* Sources */ = {
			isa = PBXSourcesBuildPhase;
			buildActionMask = 2147483647;
			files = (
			);
			runOnlyForDeploymentPostprocessing = 0;
		};
		8C6B48DB2E1DAD9D00EDE237 /* Sources */ = {
			isa = PBXSourcesBuildPhase;
			buildActionMask = 2147483647;
			files = (
			);
			runOnlyForDeploymentPostprocessing = 0;
		};
/* End PBXSourcesBuildPhase section */

/* Begin PBXTargetDependency section */
		8C6B48D72E1DAD9D00EDE237 /* PBXTargetDependency */ = {
			isa = PBXTargetDependency;
			target = 8C6B48C42E1DAD9B00EDE237 /* SocialApp */;
			targetProxy = 8C6B48D62E1DAD9D00EDE237 /* PBXContainerItemProxy */;
		};
		8C6B48E12E1DAD9D00EDE237 /* PBXTargetDependency */ = {
			isa = PBXTargetDependency;
			target = 8C6B48C42E1DAD9B00EDE237 /* SocialApp */;
			targetProxy = 8C6B48E02E1DAD9D00EDE237 /* PBXContainerItemProxy */;
		};
/* End PBXTargetDependency section */

/* Begin XCBuildConfiguration section */
		8C6B48E72E1DAD9D00EDE237 /* Debug */ = {
			isa = XCBuildConfiguration;
			buildSettings = {
				ALWAYS_SEARCH_USER_PATHS = NO;
				ASSETCATALOG_COMPILER_GENERATE_SWIFT_ASSET_SYMBOL_EXTENSIONS = YES;
				CLANG_ANALYZER_NONNULL = YES;
				CLANG_ANALYZER_NUMBER_OBJECT_CONVERSION = YES_AGGRESSIVE;
				CLANG_CXX_LANGUAGE_STANDARD = "gnu++20";
				CLANG_ENABLE_MODULES = YES;
				CLANG_ENABLE_OBJC_ARC = YES;
				CLANG_ENABLE_OBJC_WEAK = YES;
				CLANG_WARN_BLOCK_CAPTURE_AUTORELEASING = YES;
				CLANG_WARN_BOOL_CONVERSION = YES;
				CLANG_WARN_COMMA = YES;
				CLANG_WARN_CONSTANT_CONVERSION = YES;
				CLANG_WARN_DEPRECATED_OBJC_IMPLEMENTATIONS = YES;
				CLANG_WARN_DIRECT_OBJC_ISA_USAGE = YES_ERROR;
				CLANG_WARN_DOCUMENTATION_COMMENTS = YES;
				CLANG_WARN_EMPTY_BODY = YES;
				CLANG_WARN_ENUM_CONVERSION = YES;
				CLANG_WARN_INFINITE_RECURSION = YES;
				CLANG_WARN_INT_CONVERSION = YES;
				CLANG_WARN_NON_LITERAL_NULL_CONVERSION = YES;
				CLANG_WARN_OBJC_IMPLICIT_RETAIN_SELF = YES;
				CLANG_WARN_OBJC_LITERAL_CONVERSION = YES;
				CLANG_WARN_OBJC_ROOT_CLASS = YES_ERROR;
				CLANG_WARN_QUOTED_INCLUDE_IN_FRAMEWORK_HEADER = YES;
				CLANG_WARN_RANGE_LOOP_ANALYSIS = YES;
				CLANG_WARN_STRICT_PROTOTYPES = YES;
				CLANG_WARN_SUSPICIOUS_MOVE = YES;
				CLANG_WARN_UNGUARDED_AVAILABILITY = YES_AGGRESSIVE;
				CLANG_WARN_UNREACHABLE_CODE = YES;
				CLANG_WARN__DUPLICATE_METHOD_MATCH = YES;
				COPY_PHASE_STRIP = NO;
				DEBUG_INFORMATION_FORMAT = dwarf;
				ENABLE_STRICT_OBJC_MSGSEND = YES;
				ENABLE_TESTABILITY = YES;
				ENABLE_USER_SCRIPT_SANDBOXING = YES;
				GCC_C_LANGUAGE_STANDARD = gnu17;
				GCC_DYNAMIC_NO_PIC = NO;
				GCC_NO_COMMON_BLOCKS = YES;
				GCC_OPTIMIZATION_LEVEL = 0;
				GCC_PREPROCESSOR_DEFINITIONS = (
					"DEBUG=1",
					"$(inherited)",
				);
				GCC_WARN_64_TO_32_BIT_CONVERSION = YES;
				GCC_WARN_ABOUT_RETURN_TYPE = YES_ERROR;
				GCC_WARN_UNDECLARED_SELECTOR = YES;
				GCC_WARN_UNINITIALIZED_AUTOS = YES_AGGRESSIVE;
				GCC_WARN_UNUSED_FUNCTION = YES;
				GCC_WARN_UNUSED_VARIABLE = YES;
				IPHONEOS_DEPLOYMENT_TARGET = 18.2;
				LOCALIZATION_PREFERS_STRING_CATALOGS = YES;
				MTL_ENABLE_DEBUG_INFO = INCLUDE_SOURCE;
				MTL_FAST_MATH = YES;
				ONLY_ACTIVE_ARCH = YES;
				SDKROOT = iphoneos;
				SWIFT_ACTIVE_COMPILATION_CONDITIONS = "DEBUG $(inherited)";
				SWIFT_OPTIMIZATION_LEVEL = "-Onone";
			};
			name = Debug;
		};
		8C6B48E82E1DAD9D00EDE237 /* Release */ = {
			isa = XCBuildConfiguration;
			buildSettings = {
				ALWAYS_SEARCH_USER_PATHS = NO;
				ASSETCATALOG_COMPILER_GENERATE_SWIFT_ASSET_SYMBOL_EXTENSIONS = YES;
				CLANG_ANALYZER_NONNULL = YES;
				CLANG_ANALYZER_NUMBER_OBJECT_CONVERSION = YES_AGGRESSIVE;
				CLANG_CXX_LANGUAGE_STANDARD = "gnu++20";
				CLANG_ENABLE_MODULES = YES;
				CLANG_ENABLE_OBJC_ARC = YES;
				CLANG_ENABLE_OBJC_WEAK = YES;
				CLANG_WARN_BLOCK_CAPTURE_AUTORELEASING = YES;
				CLANG_WARN_BOOL_CONVERSION = YES;
				CLANG_WARN_COMMA = YES;
				CLANG_WARN_CONSTANT_CONVERSION = YES;
				CLANG_WARN_DEPRECATED_OBJC_IMPLEMENTATIONS = YES;
				CLANG_WARN_DIRECT_OBJC_ISA_USAGE = YES_ERROR;
				CLANG_WARN_DOCUMENTATION_COMMENTS = YES;
				CLANG_WARN_EMPTY_BODY = YES;
				CLANG_WARN_ENUM_CONVERSION = YES;
				CLANG_WARN_INFINITE_RECURSION = YES;
				CLANG_WARN_INT_CONVERSION = YES;
				CLANG_WARN_NON_LITERAL_NULL_CONVERSION = YES;
				CLANG_WARN_OBJC_IMPLICIT_RETAIN_SELF = YES;
				CLANG_WARN_OBJC_LITERAL_CONVERSION = YES;
				CLANG_WARN_OBJC_ROOT_CLASS = YES_ERROR;
				CLANG_WARN_QUOTED_INCLUDE_IN_FRAMEWORK_HEADER = YES;
				CLANG_WARN_RANGE_LOOP_ANALYSIS = YES;
				CLANG_WARN_STRICT_PROTOTYPES = YES;
				CLANG_WARN_SUSPICIOUS_MOVE = YES;
				CLANG_WARN_UNGUARDED_AVAILABILITY = YES_AGGRESSIVE;
				CLANG_WARN_UNREACHABLE_CODE = YES;
				CLANG_WARN__DUPLICATE_METHOD_MATCH = YES;
				COPY_PHASE_STRIP = NO;
				DEBUG_INFORMATION_FORMAT = "dwarf-with-dsym";
				ENABLE_NS_ASSERTIONS = NO;
				ENABLE_STRICT_OBJC_MSGSEND = YES;
				ENABLE_USER_SCRIPT_SANDBOXING = YES;
				GCC_C_LANGUAGE_STANDARD = gnu17;
				GCC_NO_COMMON_BLOCKS = YES;
				GCC_WARN_64_TO_32_BIT_CONVERSION = YES;
				GCC_WARN_ABOUT_RETURN_TYPE = YES_ERROR;
				GCC_WARN_UNDECLARED_SELECTOR = YES;
				GCC_WARN_UNINITIALIZED_AUTOS = YES_AGGRESSIVE;
				GCC_WARN_UNUSED_FUNCTION = YES;
				GCC_WARN_UNUSED_VARIABLE = YES;
				IPHONEOS_DEPLOYMENT_TARGET = 18.2;
				LOCALIZATION_PREFERS_STRING_CATALOGS = YES;
				MTL_ENABLE_DEBUG_INFO = NO;
				MTL_FAST_MATH = YES;
				SDKROOT = iphoneos;
				SWIFT_COMPILATION_MODE = wholemodule;
				VALIDATE_PRODUCT = YES;
			};
			name = Release;
		};
		8C6B48EA2E1DAD9D00EDE237 /* Debug */ = {
			isa = XCBuildConfiguration;
			buildSettings = {
				ASSETCATALOG_COMPILER_APPICON_NAME = AppIcon;
				ASSETCATALOG_COMPILER_GLOBAL_ACCENT_COLOR_NAME = AccentColor;
				CODE_SIGN_STYLE = Manual;
				CURRENT_PROJECT_VERSION = 1;
				DEVELOPMENT_ASSET_PATHS = "\"SocialApp/Preview Content\"";
				DEVELOPMENT_TEAM = "";
				ENABLE_PREVIEWS = YES;
				GENERATE_INFOPLIST_FILE = YES;
				INFOPLIST_FILE = SocialApp/Info.plist;
				INFOPLIST_KEY_UIApplicationSceneManifest_Generation = YES;
				INFOPLIST_KEY_UIApplicationSupportsIndirectInputEvents = YES;
				INFOPLIST_KEY_UISupportedInterfaceOrientations_iPad = "UIInterfaceOrientationPortrait UIInterfaceOrientationPortraitUpsideDown UIInterfaceOrientationLandscapeLeft UIInterfaceOrientationLandscapeRight";
				INFOPLIST_KEY_UISupportedInterfaceOrientations_iPhone = "UIInterfaceOrientationPortrait UIInterfaceOrientationLandscapeLeft UIInterfaceOrientationLandscapeRight";
				LD_RUNPATH_SEARCH_PATHS = (
					"$(inherited)",
					"@executable_path/Frameworks",
				);
				MARKETING_VERSION = 1.0;
				PRODUCT_BUNDLE_IDENTIFIER = Demo.com.SocialApp;
				PRODUCT_NAME = "$(TARGET_NAME)";
				PROVISIONING_PROFILE_SPECIFIER = "";
				SWIFT_EMIT_LOC_STRINGS = YES;
				SWIFT_VERSION = 5.0;
				TARGETED_DEVICE_FAMILY = "1,2";
			};
			name = Debug;
		};
		8C6B48EB2E1DAD9D00EDE237 /* Release */ = {
			isa = XCBuildConfiguration;
			buildSettings = {
				ASSETCATALOG_COMPILER_APPICON_NAME = AppIcon;
				ASSETCATALOG_COMPILER_GLOBAL_ACCENT_COLOR_NAME = AccentColor;
				CODE_SIGN_STYLE = Manual;
				CURRENT_PROJECT_VERSION = 1;
				DEVELOPMENT_ASSET_PATHS = "\"SocialApp/Preview Content\"";
				DEVELOPMENT_TEAM = "";
				ENABLE_PREVIEWS = YES;
				GENERATE_INFOPLIST_FILE = YES;
				INFOPLIST_FILE = SocialApp/Info.plist;
				INFOPLIST_KEY_UIApplicationSceneManifest_Generation = YES;
				INFOPLIST_KEY_UIApplicationSupportsIndirectInputEvents = YES;
				INFOPLIST_KEY_UISupportedInterfaceOrientations_iPad = "UIInterfaceOrientationPortrait UIInterfaceOrientationPortraitUpsideDown UIInterfaceOrientationLandscapeLeft UIInterfaceOrientationLandscapeRight";
				INFOPLIST_KEY_UISupportedInterfaceOrientations_iPhone = "UIInterfaceOrientationPortrait UIInterfaceOrientationLandscapeLeft UIInterfaceOrientationLandscapeRight";
				LD_RUNPATH_SEARCH_PATHS = (
					"$(inherited)",
					"@executable_path/Frameworks",
				);
				MARKETING_VERSION = 1.0;
				PRODUCT_BUNDLE_IDENTIFIER = Demo.com.SocialApp;
				PRODUCT_NAME = "$(TARGET_NAME)";
				PROVISIONING_PROFILE_SPECIFIER = "";
				SWIFT_EMIT_LOC_STRINGS = YES;
				SWIFT_VERSION = 5.0;
				TARGETED_DEVICE_FAMILY = "1,2";
			};
			name = Release;
		};
		8C6B48ED2E1DAD9D00EDE237 /* Debug */ = {
			isa = XCBuildConfiguration;
			buildSettings = {
				BUNDLE_LOADER = "$(TEST_HOST)";
				CODE_SIGN_STYLE = Automatic;
				CURRENT_PROJECT_VERSION = 1;
				GENERATE_INFOPLIST_FILE = YES;
				IPHONEOS_DEPLOYMENT_TARGET = 18.2;
				MARKETING_VERSION = 1.0;
				PRODUCT_BUNDLE_IDENTIFIER = Demo.com.SocialAppTests;
				PRODUCT_NAME = "$(TARGET_NAME)";
				SWIFT_EMIT_LOC_STRINGS = NO;
				SWIFT_VERSION = 5.0;
				TARGETED_DEVICE_FAMILY = "1,2";
				TEST_HOST = "$(BUILT_PRODUCTS_DIR)/SocialApp.app/$(BUNDLE_EXECUTABLE_FOLDER_PATH)/SocialApp";
			};
			name = Debug;
		};
		8C6B48EE2E1DAD9D00EDE237 /* Release */ = {
			isa = XCBuildConfiguration;
			buildSettings = {
				BUNDLE_LOADER = "$(TEST_HOST)";
				CODE_SIGN_STYLE = Automatic;
				CURRENT_PROJECT_VERSION = 1;
				GENERATE_INFOPLIST_FILE = YES;
				IPHONEOS_DEPLOYMENT_TARGET = 18.2;
				MARKETING_VERSION = 1.0;
				PRODUCT_BUNDLE_IDENTIFIER = Demo.com.SocialAppTests;
				PRODUCT_NAME = "$(TARGET_NAME)";
				SWIFT_EMIT_LOC_STRINGS = NO;
				SWIFT_VERSION = 5.0;
				TARGETED_DEVICE_FAMILY = "1,2";
				TEST_HOST = "$(BUILT_PRODUCTS_DIR)/SocialApp.app/$(BUNDLE_EXECUTABLE_FOLDER_PATH)/SocialApp";
			};
			name = Release;
		};
		8C6B48F02E1DAD9D00EDE237 /* Debug */ = {
			isa = XCBuildConfiguration;
			buildSettings = {
				CODE_SIGN_STYLE = Automatic;
				CURRENT_PROJECT_VERSION = 1;
				GENERATE_INFOPLIST_FILE = YES;
				MARKETING_VERSION = 1.0;
				PRODUCT_BUNDLE_IDENTIFIER = Demo.com.SocialAppUITests;
				PRODUCT_NAME = "$(TARGET_NAME)";
				SWIFT_EMIT_LOC_STRINGS = NO;
				SWIFT_VERSION = 5.0;
				TARGETED_DEVICE_FAMILY = "1,2";
				TEST_TARGET_NAME = SocialApp;
			};
			name = Debug;
		};
		8C6B48F12E1DAD9D00EDE237 /* Release */ = {
			isa = XCBuildConfiguration;
			buildSettings = {
				CODE_SIGN_STYLE = Automatic;
				CURRENT_PROJECT_VERSION = 1;
				GENERATE_INFOPLIST_FILE = YES;
				MARKETING_VERSION = 1.0;
				PRODUCT_BUNDLE_IDENTIFIER = Demo.com.SocialAppUITests;
				PRODUCT_NAME = "$(TARGET_NAME)";
				SWIFT_EMIT_LOC_STRINGS = NO;
				SWIFT_VERSION = 5.0;
				TARGETED_DEVICE_FAMILY = "1,2";
				TEST_TARGET_NAME = SocialApp;
			};
			name = Release;
		};
/* End XCBuildConfiguration section */

/* Begin XCConfigurationList section */
		8C6B48C02E1DAD9B00EDE237 /* Build configuration list for PBXProject "SocialApp" */ = {
			isa = XCConfigurationList;
			buildConfigurations = (
				8C6B48E72E1DAD9D00EDE237 /* Debug */,
				8C6B48E82E1DAD9D00EDE237 /* Release */,
			);
			defaultConfigurationIsVisible = 0;
			defaultConfigurationName = Release;
		};
		8C6B48E92E1DAD9D00EDE237 /* Build configuration list for PBXNativeTarget "SocialApp" */ = {
			isa = XCConfigurationList;
			buildConfigurations = (
				8C6B48EA2E1DAD9D00EDE237 /* Debug */,
				8C6B48EB2E1DAD9D00EDE237 /* Release */,
			);
			defaultConfigurationIsVisible = 0;
			defaultConfigurationName = Release;
		};
		8C6B48EC2E1DAD9D00EDE237 /* Build configuration list for PBXNativeTarget "SocialAppTests" */ = {
			isa = XCConfigurationList;
			buildConfigurations = (
				8C6B48ED2E1DAD9D00EDE237 /* Debug */,
				8C6B48EE2E1DAD9D00EDE237 /* Release */,
			);
			defaultConfigurationIsVisible = 0;
			defaultConfigurationName = Release;
		};
		8C6B48EF2E1DAD9D00EDE237 /* Build configuration list for PBXNativeTarget "SocialAppUITests" */ = {
			isa = XCConfigurationList;
			buildConfigurations = (
				8C6B48F02E1DAD9D00EDE237 /* Debug */,
				8C6B48F12E1DAD9D00EDE237 /* Release */,
			);
			defaultConfigurationIsVisible = 0;
			defaultConfigurationName = Release;
		};
/* End XCConfigurationList section */

/* Begin XCRemoteSwiftPackageReference section */
		8CFC4F522E1EAD39000F55F2 /* XCRemoteSwiftPackageReference "NetworkModule" */ = {
			isa = XCRemoteSwiftPackageReference;
			repositoryURL = "https://github.com/HossanDev/NetworkModule.git";
			requirement = {
				branch = main;
				kind = branch;
			};
		};
		8CFC4F562E1EAD9E000F55F2 /* XCRemoteSwiftPackageReference "RepositoryModule" */ = {
			isa = XCRemoteSwiftPackageReference;
			repositoryURL = "https://github.com/HossanDev/RepositoryModule.git";
			requirement = {
				branch = main;
				kind = branch;
			};
		};
		8CFC4F592E1EAF24000F55F2 /* XCRemoteSwiftPackageReference "SharedUI" */ = {
			isa = XCRemoteSwiftPackageReference;
			repositoryURL = "https://github.com/HossanDev/SharedUI.git";
			requirement = {
				branch = main;
				kind = branch;
			};
		};
		8CFC4FCA2E1FB458000F55F2 /* XCRemoteSwiftPackageReference "ModelModule" */ = {
			isa = XCRemoteSwiftPackageReference;
			repositoryURL = "https://github.com/HossanDev/ModelModule.git";
			requirement = {
				branch = main;
				kind = branch;
			};
		};
/* End XCRemoteSwiftPackageReference section */

/* Begin XCSwiftPackageProductDependency section */
		8CFC4F532E1EAD39000F55F2 /* NetworkModule */ = {
			isa = XCSwiftPackageProductDependency;
			package = 8CFC4F522E1EAD39000F55F2 /* XCRemoteSwiftPackageReference "NetworkModule" */;
			productName = NetworkModule;
		};
		8CFC4F572E1EAD9E000F55F2 /* RepositoryModule */ = {
			isa = XCSwiftPackageProductDependency;
			package = 8CFC4F562E1EAD9E000F55F2 /* XCRemoteSwiftPackageReference "RepositoryModule" */;
			productName = RepositoryModule;
		};
		8CFC4F5A2E1EAF24000F55F2 /* SharedUI */ = {
			isa = XCSwiftPackageProductDependency;
			package = 8CFC4F592E1EAF24000F55F2 /* XCRemoteSwiftPackageReference "SharedUI" */;
			productName = SharedUI;
		};
		8CFC4FCB2E1FB458000F55F2 /* ModelModule */ = {
			isa = XCSwiftPackageProductDependency;
			package = 8CFC4FCA2E1FB458000F55F2 /* XCRemoteSwiftPackageReference "ModelModule" */;
			productName = ModelModule;
		};
/* End XCSwiftPackageProductDependency section */
	};
	rootObject = 8C6B48BD2E1DAD9B00EDE237 /* Project object */;
}
